
Microsoft Visual Studio Solution File, Format Version 12.00
# Visual Studio Version 16
VisualStudioVersion = 16.0.30320.27
MinimumVisualStudioVersion = 10.0.40219.1
Project("{2150E333-8FDC-42A3-9474-1A3956D46DE8}") = "Application", "Application", "{D18AF556-6057-4DFF-ABEE-DF28EB0A8D05}"
EndProject
Project("{2150E333-8FDC-42A3-9474-1A3956D46DE8}") = "Domain", "Domain", "{19978B25-0D8C-4DAB-B299-35E95C0550FD}"
EndProject
Project("{2150E333-8FDC-42A3-9474-1A3956D46DE8}") = "Infra.IOC", "Infra.IOC", "{91EE17F0-9677-41C4-A7FE-88D8F2B60923}"
EndProject
Project("{2150E333-8FDC-42A3-9474-1A3956D46DE8}") = "Infra.Data", "Infra.Data", "{99BD3DF8-BB2A-4BEE-AE3A-F0863C16BA5A}"
EndProject
Project("{2150E333-8FDC-42A3-9474-1A3956D46DE8}") = "Presentaton", "Presentaton", "{972E283E-9A0D-40FC-9404-7F47825A8819}"
EndProject
Project("{9A19103F-16F7-4668-BE54-9A1E7A4F7556}") = "CleanArch.MVC", "CleanArch.MVC\CleanArch.MVC.csproj", "{8AC9DBCA-936B-4DFA-9235-63CDB4363415}"
EndProject
Project("{9A19103F-16F7-4668-BE54-9A1E7A4F7556}") = "CleanArch.Domain", "CleanArch.Domain\CleanArch.Domain.csproj", "{EC463797-8607-499F-AA43-C6019E3C9A1C}"
EndProject
Project("{9A19103F-16F7-4668-BE54-9A1E7A4F7556}") = "CleanArch.Infra.Data", "CleanArch.Infra.Data\CleanArch.Infra.Data.csproj", "{6B4B09EB-ABA4-48EF-BCD3-C3092DC3BE2D}"
EndProject
Project("{9A19103F-16F7-4668-BE54-9A1E7A4F7556}") = "CleanarchApplcation", "CleanarchApplcation\CleanarchApplcation.csproj", "{3C625D48-8017-488B-926E-59A292918E9D}"
EndProject
Project("{9A19103F-16F7-4668-BE54-9A1E7A4F7556}") = "CleanArch.Infra.IOC", "CleanArch.Infra.OC\CleanArch.Infra.IOC.csproj", "{E5E88710-49F5-4576-9B4F-E71BFC3D7A2A}"
EndProject
Project("{2150E333-8FDC-42A3-9474-1A3956D46DE8}") = "Infra.Bus", "Infra.Bus", "{C949593C-4AC5-44BD-8AD0-589195CFB6C2}"
EndProject
Project("{2150E333-8FDC-42A3-9474-1A3956D46DE8}") = "Api", "Api", "{30FB3FF4-0AD8-4F21-ADE0-1027ADF08C73}"
EndProject
Project("{FAE04EC0-301F-11D3-BF4B-00C04F79EFBC}") = "CleanArch.infra.bus", "CleanArch.infra.bus\CleanArch.infra.bus.csproj", "{115ADFAA-D2CF-4E04-B2D9-87C04954E7DE}"
EndProject
Global
	GlobalSection(SolutionConfigurationPlatforms) = preSolution
		Debug|Any CPU = Debug|Any CPU
		Release|Any CPU = Release|Any CPU
	EndGlobalSection
	GlobalSection(ProjectConfigurationPlatforms) = postSolution
		{8AC9DBCA-936B-4DFA-9235-63CDB4363415}.Debug|Any CPU.ActiveCfg = Debug|Any CPU
		{8AC9DBCA-936B-4DFA-9235-63CDB4363415}.Debug|Any CPU.Build.0 = Debug|Any CPU
		{8AC9DBCA-936B-4DFA-9235-63CDB4363415}.Release|Any CPU.ActiveCfg = Release|Any CPU
		{8AC9DBCA-936B-4DFA-9235-63CDB4363415}.Release|Any CPU.Build.0 = Release|Any CPU
		{EC463797-8607-499F-AA43-C6019E3C9A1C}.Debug|Any CPU.ActiveCfg = Debug|Any CPU
		{EC463797-8607-499F-AA43-C6019E3C9A1C}.Debug|Any CPU.Build.0 = Debug|Any CPU
		{EC463797-8607-499F-AA43-C6019E3C9A1C}.Release|Any CPU.ActiveCfg = Release|Any CPU
		{EC463797-8607-499F-AA43-C6019E3C9A1C}.Release|Any CPU.Build.0 = Release|Any CPU
		{6B4B09EB-ABA4-48EF-BCD3-C3092DC3BE2D}.Debug|Any CPU.ActiveCfg = Debug|Any CPU
		{6B4B09EB-ABA4-48EF-BCD3-C3092DC3BE2D}.Debug|Any CPU.Build.0 = Debug|Any CPU
		{6B4B09EB-ABA4-48EF-BCD3-C3092DC3BE2D}.Release|Any CPU.ActiveCfg = Release|Any CPU
		{6B4B09EB-ABA4-48EF-BCD3-C3092DC3BE2D}.Release|Any CPU.Build.0 = Release|Any CPU
		{3C625D48-8017-488B-926E-59A292918E9D}.Debug|Any CPU.ActiveCfg = Debug|Any CPU
		{3C625D48-8017-488B-926E-59A292918E9D}.Debug|Any CPU.Build.0 = Debug|Any CPU
		{3C625D48-8017-488B-926E-59A292918E9D}.Release|Any CPU.ActiveCfg = Release|Any CPU
		{3C625D48-8017-488B-926E-59A292918E9D}.Release|Any CPU.Build.0 = Release|Any CPU
		{E5E88710-49F5-4576-9B4F-E71BFC3D7A2A}.Debug|Any CPU.ActiveCfg = Debug|Any CPU
		{E5E88710-49F5-4576-9B4F-E71BFC3D7A2A}.Debug|Any CPU.Build.0 = Debug|Any CPU
		{E5E88710-49F5-4576-9B4F-E71BFC3D7A2A}.Release|Any CPU.ActiveCfg = Release|Any CPU
		{E5E88710-49F5-4576-9B4F-E71BFC3D7A2A}.Release|Any CPU.Build.0 = Release|Any CPU
		{115ADFAA-D2CF-4E04-B2D9-87C04954E7DE}.Debug|Any CPU.ActiveCfg = Debug|Any CPU
		{115ADFAA-D2CF-4E04-B2D9-87C04954E7DE}.Debug|Any CPU.Build.0 = Debug|Any CPU
		{115ADFAA-D2CF-4E04-B2D9-87C04954E7DE}.Release|Any CPU.ActiveCfg = Release|Any CPU
		{115ADFAA-D2CF-4E04-B2D9-87C04954E7DE}.Release|Any CPU.Build.0 = Release|Any CPU
	EndGlobalSection
	GlobalSection(SolutionProperties) = preSolution
		HideSolutionNode = FALSE
	EndGlobalSection
	GlobalSection(NestedProjects) = preSolution
		{8AC9DBCA-936B-4DFA-9235-63CDB4363415} = {972E283E-9A0D-40FC-9404-7F47825A8819}
		{EC463797-8607-499F-AA43-C6019E3C9A1C} = {19978B25-0D8C-4DAB-B299-35E95C0550FD}
		{6B4B09EB-ABA4-48EF-BCD3-C3092DC3BE2D} = {99BD3DF8-BB2A-4BEE-AE3A-F0863C16BA5A}
		{3C625D48-8017-488B-926E-59A292918E9D} = {D18AF556-6057-4DFF-ABEE-DF28EB0A8D05}
		{E5E88710-49F5-4576-9B4F-E71BFC3D7A2A} = {91EE17F0-9677-41C4-A7FE-88D8F2B60923}
		{115ADFAA-D2CF-4E04-B2D9-87C04954E7DE} = {C949593C-4AC5-44BD-8AD0-589195CFB6C2}
	EndGlobalSection
	GlobalSection(ExtensibilityGlobals) = postSolution
		SolutionGuid = {72456D06-5E33-4044-89B6-F8AFE0771844}
	EndGlobalSection
EndGlobal
